
Microsoft Visual Studio Solution File, Format Version 12.00
# Visual Studio Version 17
VisualStudioVersion = 17.6.33815.320
MinimumVisualStudioVersion = 10.0.40219.1
Project("{FAE04EC0-301F-11D3-BF4B-00C04F79EFBC}") = "Book_Store_Memoir", "Book_Store_Memoir\Book_Store_Memoir.csproj", "{D0CD8BD2-43BA-49A3-AD3F-2E71767D64B9}"
EndProject
Project("{FAE04EC0-301F-11D3-BF4B-00C04F79EFBC}") = "Book_Store_Memoir.DataAccess", "Book_Store_Memoir.DataAccess\Book_Store_Memoir.DataAccess.csproj", "{36CC9E06-AC3D-4B2E-AAB4-1D0277D1AEB4}"
EndProject
Project("{FAE04EC0-301F-11D3-BF4B-00C04F79EFBC}") = "Book_Store_Memoir.Models", "Book_Store_Memoir.Models\Book_Store_Memoir.Models.csproj", "{76EFC33F-B666-401C-9817-F0CDD6947BDF}"
EndProject
Global
	GlobalSection(SolutionConfigurationPlatforms) = preSolution
		Debug|Any CPU = Debug|Any CPU
		Release|Any CPU = Release|Any CPU
	EndGlobalSection
	GlobalSection(ProjectConfigurationPlatforms) = postSolution
		{D0CD8BD2-43BA-49A3-AD3F-2E71767D64B9}.Debug|Any CPU.ActiveCfg = Debug|Any CPU
		{D0CD8BD2-43BA-49A3-AD3F-2E71767D64B9}.Debug|Any CPU.Build.0 = Debug|Any CPU
		{D0CD8BD2-43BA-49A3-AD3F-2E71767D64B9}.Release|Any CPU.ActiveCfg = Release|Any CPU
		{D0CD8BD2-43BA-49A3-AD3F-2E71767D64B9}.Release|Any CPU.Build.0 = Release|Any CPU
		{36CC9E06-AC3D-4B2E-AAB4-1D0277D1AEB4}.Debug|Any CPU.ActiveCfg = Debug|Any CPU
		{36CC9E06-AC3D-4B2E-AAB4-1D0277D1AEB4}.Debug|Any CPU.Build.0 = Debug|Any CPU
		{36CC9E06-AC3D-4B2E-AAB4-1D0277D1AEB4}.Release|Any CPU.ActiveCfg = Release|Any CPU
		{36CC9E06-AC3D-4B2E-AAB4-1D0277D1AEB4}.Release|Any CPU.Build.0 = Release|Any CPU
		{76EFC33F-B666-401C-9817-F0CDD6947BDF}.Debug|Any CPU.ActiveCfg = Debug|Any CPU
		{76EFC33F-B666-401C-9817-F0CDD6947BDF}.Debug|Any CPU.Build.0 = Debug|Any CPU
		{76EFC33F-B666-401C-9817-F0CDD6947BDF}.Release|Any CPU.ActiveCfg = Release|Any CPU
		{76EFC33F-B666-401C-9817-F0CDD6947BDF}.Release|Any CPU.Build.0 = Release|Any CPU
	EndGlobalSection
	GlobalSection(SolutionProperties) = preSolution
		HideSolutionNode = FALSE
	EndGlobalSection
	GlobalSection(ExtensibilityGlobals) = postSolution
		SolutionGuid = {EDA79566-41EB-4545-831C-6110B06CB0E2}
	EndGlobalSection
EndGlobal
